{
  "name": "@grapes-agency/tiny-graphql-runtime",
  "version": "1.0.0-alpha.11",
  "lockfileVersion": 1,
  "requires": true,
  "dependencies": {
    "@types/zen-observable": {
      "version": "0.8.1",
      "resolved": "https://registry.npmjs.org/@types/zen-observable/-/zen-observable-0.8.1.tgz",
      "integrity": "sha512-wmk0xQI6Yy7Fs/il4EpOcflG4uonUpYGqvZARESLc2oy4u69fkatFLbJOeW4Q6awO15P4rduAe6xkwHevpXcUQ==",
      "dev": true
    },
    "graphql": {
      "version": "15.4.0",
      "resolved": "https://registry.npmjs.org/graphql/-/graphql-15.4.0.tgz",
      "integrity": "sha512-EB3zgGchcabbsU9cFe1j+yxdzKQKAbGUWRb13DsrsMN1yyfmmIq+2+L5MqVWcDCE4V89R5AyUOi7sMOGxdsYtA==",
      "dev": true
    },
    "graphql-scalars": {
      "version": "1.4.1",
      "resolved": "https://registry.npmjs.org/graphql-scalars/-/graphql-scalars-1.4.1.tgz",
      "integrity": "sha512-QCT9sHYkEns9jp3fYqzmoUtS7GiWn+IKrWvSKYDrGOEqlUVP66DDtR0HQmebIbnaSuww239drYnq6JNP0VIDTg==",
      "dev": true
    },
    "graphql-tag": {
      "version": "2.11.0",
      "resolved": "https://registry.npmjs.org/graphql-tag/-/graphql-tag-2.11.0.tgz",
      "integrity": "sha512-VmsD5pJqWJnQZMUeRwrDhfgoyqcfwEkvtpANqcoUG8/tOLkwNgU9mzub/Mc78OJMhHjx7gfAMTxzdG43VGg3bA==",
      "dev": true
    },
    "zen-observable": {
      "version": "0.8.15",
      "resolved": "https://registry.npmjs.org/zen-observable/-/zen-observable-0.8.15.tgz",
      "integrity": "sha512-PQ2PC7R9rslx84ndNBZB/Dkv8V8fZEpk83RLgXtYd0fwUgEjseMn1Dgajh2x6S8QbZAFa9p2qVCEuYZNgve0dQ=="
    }
  }
}
